
Microsoft Visual Studio Solution File, Format Version 12.00
# Visual Studio Version 17
VisualStudioVersion = 17.9.34902.65
MinimumVisualStudioVersion = 10.0.40219.1
Project("{FAE04EC0-301F-11D3-BF4B-00C04F79EFBC}") = "UtilityLibraries", "StringLibrary\UtilityLibraries.csproj", "{AFCFCF26-A347-49EE-B545-05093A85092F}"
EndProject
Project("{FAE04EC0-301F-11D3-BF4B-00C04F79EFBC}") = "ShowCase", "ShowCase\ShowCase.csproj", "{AC846AB0-3DFB-48AE-9709-2DDFD6FC6F69}"
EndProject
Project("{FAE04EC0-301F-11D3-BF4B-00C04F79EFBC}") = "StringLibraryTest", "StringLibraryTest\StringLibraryTest.csproj", "{F09E4CC0-DD1C-403A-9E82-6D4DB9DE5204}"
EndProject
Global
	GlobalSection(SolutionConfigurationPlatforms) = preSolution
		Debug|Any CPU = Debug|Any CPU
		Release|Any CPU = Release|Any CPU
	EndGlobalSection
	GlobalSection(ProjectConfigurationPlatforms) = postSolution
		{AFCFCF26-A347-49EE-B545-05093A85092F}.Debug|Any CPU.ActiveCfg = Debug|Any CPU
		{AFCFCF26-A347-49EE-B545-05093A85092F}.Debug|Any CPU.Build.0 = Debug|Any CPU
		{AFCFCF26-A347-49EE-B545-05093A85092F}.Release|Any CPU.ActiveCfg = Release|Any CPU
		{AFCFCF26-A347-49EE-B545-05093A85092F}.Release|Any CPU.Build.0 = Release|Any CPU
		{AC846AB0-3DFB-48AE-9709-2DDFD6FC6F69}.Debug|Any CPU.ActiveCfg = Debug|Any CPU
		{AC846AB0-3DFB-48AE-9709-2DDFD6FC6F69}.Debug|Any CPU.Build.0 = Debug|Any CPU
		{AC846AB0-3DFB-48AE-9709-2DDFD6FC6F69}.Release|Any CPU.ActiveCfg = Release|Any CPU
		{AC846AB0-3DFB-48AE-9709-2DDFD6FC6F69}.Release|Any CPU.Build.0 = Release|Any CPU
		{F09E4CC0-DD1C-403A-9E82-6D4DB9DE5204}.Debug|Any CPU.ActiveCfg = Debug|Any CPU
		{F09E4CC0-DD1C-403A-9E82-6D4DB9DE5204}.Debug|Any CPU.Build.0 = Debug|Any CPU
		{F09E4CC0-DD1C-403A-9E82-6D4DB9DE5204}.Release|Any CPU.ActiveCfg = Release|Any CPU
		{F09E4CC0-DD1C-403A-9E82-6D4DB9DE5204}.Release|Any CPU.Build.0 = Release|Any CPU
	EndGlobalSection
	GlobalSection(SolutionProperties) = preSolution
		HideSolutionNode = FALSE
	EndGlobalSection
	GlobalSection(ExtensibilityGlobals) = postSolution
		SolutionGuid = {16C9F5A6-C82C-4955-84A3-2E199A9C3080}
	EndGlobalSection
EndGlobal
